// !$*UTF8*$!
{
	archiveVersion = 1;
	classes = {
	};
	objectVersion = 56;
	objects = {

/* Begin PBXBuildFile section */
		AA83CD402C02547B00F4B096 /* UniversityGradesTrackerApp.swift in Sources */ = {isa = PBXBuildFile; fileRef = AA83CD3F2C02547B00F4B096 /* UniversityGradesTrackerApp.swift */; };
		AA83CD422C02547B00F4B096 /* ContentView.swift in Sources */ = {isa = PBXBuildFile; fileRef = AA83CD412C02547B00F4B096 /* ContentView.swift */; };
		AA83CD442C02547C00F4B096 /* Assets.xcassets in Resources */ = {isa = PBXBuildFile; fileRef = AA83CD432C02547C00F4B096 /* Assets.xcassets */; };
		AA83CD482C02547C00F4B096 /* Preview Assets.xcassets in Resources */ = {isa = PBXBuildFile; fileRef = AA83CD472C02547C00F4B096 /* Preview Assets.xcassets */; };
		AA83CD522C02547C00F4B096 /* UniversityGradesTrackerTests.swift in Sources */ = {isa = PBXBuildFile; fileRef = AA83CD512C02547C00F4B096 /* UniversityGradesTrackerTests.swift */; };
		AA83CD5C2C02547C00F4B096 /* UniversityGradesTrackerUITests.swift in Sources */ = {isa = PBXBuildFile; fileRef = AA83CD5B2C02547C00F4B096 /* UniversityGradesTrackerUITests.swift */; };
		AA83CD5E2C02547C00F4B096 /* UniversityGradesTrackerUITestsLaunchTests.swift in Sources */ = {isa = PBXBuildFile; fileRef = AA83CD5D2C02547C00F4B096 /* UniversityGradesTrackerUITestsLaunchTests.swift */; };
		AA83CD6B2C0255D300F4B096 /* GradeModel.swift in Sources */ = {isa = PBXBuildFile; fileRef = AA83CD6A2C0255D300F4B096 /* GradeModel.swift */; };
		AA83CD6D2C025B6400F4B096 /* ChartView.swift in Sources */ = {isa = PBXBuildFile; fileRef = AA83CD6C2C025B6400F4B096 /* ChartView.swift */; };
		AA83CD6F2C025BF900F4B096 /* GradeDetailView.swift in Sources */ = {isa = PBXBuildFile; fileRef = AA83CD6E2C025BF900F4B096 /* GradeDetailView.swift */; };
		AA83CD712C025D2F00F4B096 /* GradesView.swift in Sources */ = {isa = PBXBuildFile; fileRef = AA83CD702C025D2F00F4B096 /* GradesView.swift */; };
		AA83CD732C02620D00F4B096 /* Utils.swift in Sources */ = {isa = PBXBuildFile; fileRef = AA83CD722C02620D00F4B096 /* Utils.swift */; };
		AA83CD752C026B9000F4B096 /* AddGradeView.swift in Sources */ = {isa = PBXBuildFile; fileRef = AA83CD742C026B9000F4B096 /* AddGradeView.swift */; };
		AA83CD772C026F4800F4B096 /* SettingView.swift in Sources */ = {isa = PBXBuildFile; fileRef = AA83CD762C026F4800F4B096 /* SettingView.swift */; };
/* End PBXBuildFile section */

/* Begin PBXContainerItemProxy section */
		AA83CD4E2C02547C00F4B096 /* PBXContainerItemProxy */ = {
			isa = PBXContainerItemProxy;
			containerPortal = AA83CD342C02547B00F4B096 /* Project object */;
			proxyType = 1;
			remoteGlobalIDString = AA83CD3B2C02547B00F4B096;
			remoteInfo = UniversityGradesTracker;
		};
		AA83CD582C02547C00F4B096 /* PBXContainerItemProxy */ = {
			isa = PBXContainerItemProxy;
			containerPortal = AA83CD342C02547B00F4B096 /* Project object */;
			proxyType = 1;
			remoteGlobalIDString = AA83CD3B2C02547B00F4B096;
			remoteInfo = UniversityGradesTracker;
		};
/* End PBXContainerItemProxy section */

/* Begin PBXFileReference section */
		AA83CD3C2C02547B00F4B096 /* UniversityGradesTracker.app */ = {isa = PBXFileReference; explicitFileType = wrapper.application; includeInIndex = 0; path = UniversityGradesTracker.app; sourceTree = BUILT_PRODUCTS_DIR; };
		AA83CD3F2C02547B00F4B096 /* UniversityGradesTrackerApp.swift */ = {isa = PBXFileReference; lastKnownFileType = sourcecode.swift; path = UniversityGradesTrackerApp.swift; sourceTree = "<group>"; };
		AA83CD412C02547B00F4B096 /* ContentView.swift */ = {isa = PBXFileReference; lastKnownFileType = sourcecode.swift; path = ContentView.swift; sourceTree = "<group>"; };
		AA83CD432C02547C00F4B096 /* Assets.xcassets */ = {isa = PBXFileReference; lastKnownFileType = folder.assetcatalog; path = Assets.xcassets; sourceTree = "<group>"; };
		AA83CD452C02547C00F4B096 /* UniversityGradesTracker.entitlements */ = {isa = PBXFileReference; lastKnownFileType = text.plist.entitlements; path = UniversityGradesTracker.entitlements; sourceTree = "<group>"; };
		AA83CD472C02547C00F4B096 /* Preview Assets.xcassets */ = {isa = PBXFileReference; lastKnownFileType = folder.assetcatalog; path = "Preview Assets.xcassets"; sourceTree = "<group>"; };
		AA83CD4D2C02547C00F4B096 /* UniversityGradesTrackerTests.xctest */ = {isa = PBXFileReference; explicitFileType = wrapper.cfbundle; includeInIndex = 0; path = UniversityGradesTrackerTests.xctest; sourceTree = BUILT_PRODUCTS_DIR; };
		AA83CD512C02547C00F4B096 /* UniversityGradesTrackerTests.swift */ = {isa = PBXFileReference; lastKnownFileType = sourcecode.swift; path = UniversityGradesTrackerTests.swift; sourceTree = "<group>"; };
		AA83CD572C02547C00F4B096 /* UniversityGradesTrackerUITests.xctest */ = {isa = PBXFileReference; explicitFileType = wrapper.cfbundle; includeInIndex = 0; path = UniversityGradesTrackerUITests.xctest; sourceTree = BUILT_PRODUCTS_DIR; };
		AA83CD5B2C02547C00F4B096 /* UniversityGradesTrackerUITests.swift */ = {isa = PBXFileReference; lastKnownFileType = sourcecode.swift; path = UniversityGradesTrackerUITests.swift; sourceTree = "<group>"; };
		AA83CD5D2C02547C00F4B096 /* UniversityGradesTrackerUITestsLaunchTests.swift */ = {isa = PBXFileReference; lastKnownFileType = sourcecode.swift; path = UniversityGradesTrackerUITestsLaunchTests.swift; sourceTree = "<group>"; };
		AA83CD6A2C0255D300F4B096 /* GradeModel.swift */ = {isa = PBXFileReference; lastKnownFileType = sourcecode.swift; path = GradeModel.swift; sourceTree = "<group>"; };
		AA83CD6C2C025B6400F4B096 /* ChartView.swift */ = {isa = PBXFileReference; lastKnownFileType = sourcecode.swift; path = ChartView.swift; sourceTree = "<group>"; };
		AA83CD6E2C025BF900F4B096 /* GradeDetailView.swift */ = {isa = PBXFileReference; lastKnownFileType = sourcecode.swift; path = GradeDetailView.swift; sourceTree = "<group>"; };
		AA83CD702C025D2F00F4B096 /* GradesView.swift */ = {isa = PBXFileReference; lastKnownFileType = sourcecode.swift; path = GradesView.swift; sourceTree = "<group>"; };
		AA83CD722C02620D00F4B096 /* Utils.swift */ = {isa = PBXFileReference; lastKnownFileType = sourcecode.swift; path = Utils.swift; sourceTree = "<group>"; };
		AA83CD742C026B9000F4B096 /* AddGradeView.swift */ = {isa = PBXFileReference; lastKnownFileType = sourcecode.swift; path = AddGradeView.swift; sourceTree = "<group>"; };
		AA83CD762C026F4800F4B096 /* SettingView.swift */ = {isa = PBXFileReference; lastKnownFileType = sourcecode.swift; path = SettingView.swift; sourceTree = "<group>"; };
/* End PBXFileReference section */

/* Begin PBXFrameworksBuildPhase section */
		AA83CD392C02547B00F4B096 /* Frameworks */ = {
			isa = PBXFrameworksBuildPhase;
			buildActionMask = 2147483647;
			files = (
			);
			runOnlyForDeploymentPostprocessing = 0;
		};
		AA83CD4A2C02547C00F4B096 /* Frameworks */ = {
			isa = PBXFrameworksBuildPhase;
			buildActionMask = 2147483647;
			files = (
			);
			runOnlyForDeploymentPostprocessing = 0;
		};
		AA83CD542C02547C00F4B096 /* Frameworks */ = {
			isa = PBXFrameworksBuildPhase;
			buildActionMask = 2147483647;
			files = (
			);
			runOnlyForDeploymentPostprocessing = 0;
		};
/* End PBXFrameworksBuildPhase section */

/* Begin PBXGroup section */
		AA83CD332C02547B00F4B096 = {
			isa = PBXGroup;
			children = (
				AA83CD3E2C02547B00F4B096 /* UniversityGradesTracker */,
				AA83CD502C02547C00F4B096 /* UniversityGradesTrackerTests */,
				AA83CD5A2C02547C00F4B096 /* UniversityGradesTrackerUITests */,
				AA83CD3D2C02547B00F4B096 /* Products */,
			);
			sourceTree = "<group>";
		};
		AA83CD3D2C02547B00F4B096 /* Products */ = {
			isa = PBXGroup;
			children = (
				AA83CD3C2C02547B00F4B096 /* UniversityGradesTracker.app */,
				AA83CD4D2C02547C00F4B096 /* UniversityGradesTrackerTests.xctest */,
				AA83CD572C02547C00F4B096 /* UniversityGradesTrackerUITests.xctest */,
			);
			name = Products;
			sourceTree = "<group>";
		};
		AA83CD3E2C02547B00F4B096 /* UniversityGradesTracker */ = {
			isa = PBXGroup;
			children = (
				AA83CD3F2C02547B00F4B096 /* UniversityGradesTrackerApp.swift */,
				AA83CD412C02547B00F4B096 /* ContentView.swift */,
				AA83CD432C02547C00F4B096 /* Assets.xcassets */,
				AA83CD452C02547C00F4B096 /* UniversityGradesTracker.entitlements */,
				AA83CD462C02547C00F4B096 /* Preview Content */,
				AA83CD6A2C0255D300F4B096 /* GradeModel.swift */,
				AA83CD6C2C025B6400F4B096 /* ChartView.swift */,
				AA83CD6E2C025BF900F4B096 /* GradeDetailView.swift */,
				AA83CD702C025D2F00F4B096 /* GradesView.swift */,
				AA83CD722C02620D00F4B096 /* Utils.swift */,
				AA83CD742C026B9000F4B096 /* AddGradeView.swift */,
				AA83CD762C026F4800F4B096 /* SettingView.swift */,
			);
			path = UniversityGradesTracker;
			sourceTree = "<group>";
		};
		AA83CD462C02547C00F4B096 /* Preview Content */ = {
			isa = PBXGroup;
			children = (
				AA83CD472C02547C00F4B096 /* Preview Assets.xcassets */,
			);
			path = "Preview Content";
			sourceTree = "<group>";
		};
		AA83CD502C02547C00F4B096 /* UniversityGradesTrackerTests */ = {
			isa = PBXGroup;
			children = (
				AA83CD512C02547C00F4B096 /* UniversityGradesTrackerTests.swift */,
			);
			path = UniversityGradesTrackerTests;
			sourceTree = "<group>";
		};
		AA83CD5A2C02547C00F4B096 /* UniversityGradesTrackerUITests */ = {
			isa = PBXGroup;
			children = (
				AA83CD5B2C02547C00F4B096 /* UniversityGradesTrackerUITests.swift */,
				AA83CD5D2C02547C00F4B096 /* UniversityGradesTrackerUITestsLaunchTests.swift */,
			);
			path = UniversityGradesTrackerUITests;
			sourceTree = "<group>";
		};
/* End PBXGroup section */

/* Begin PBXNativeTarget section */
		AA83CD3B2C02547B00F4B096 /* UniversityGradesTracker */ = {
			isa = PBXNativeTarget;
			buildConfigurationList = AA83CD612C02547C00F4B096 /* Build configuration list for PBXNativeTarget "UniversityGradesTracker" */;
			buildPhases = (
				AA83CD382C02547B00F4B096 /* Sources */,
				AA83CD392C02547B00F4B096 /* Frameworks */,
				AA83CD3A2C02547B00F4B096 /* Resources */,
			);
			buildRules = (
			);
			dependencies = (
			);
			name = UniversityGradesTracker;
			productName = UniversityGradesTracker;
			productReference = AA83CD3C2C02547B00F4B096 /* UniversityGradesTracker.app */;
			productType = "com.apple.product-type.application";
		};
		AA83CD4C2C02547C00F4B096 /* UniversityGradesTrackerTests */ = {
			isa = PBXNativeTarget;
			buildConfigurationList = AA83CD642C02547C00F4B096 /* Build configuration list for PBXNativeTarget "UniversityGradesTrackerTests" */;
			buildPhases = (
				AA83CD492C02547C00F4B096 /* Sources */,
				AA83CD4A2C02547C00F4B096 /* Frameworks */,
				AA83CD4B2C02547C00F4B096 /* Resources */,
			);
			buildRules = (
			);
			dependencies = (
				AA83CD4F2C02547C00F4B096 /* PBXTargetDependency */,
			);
			name = UniversityGradesTrackerTests;
			productName = UniversityGradesTrackerTests;
			productReference = AA83CD4D2C02547C00F4B096 /* UniversityGradesTrackerTests.xctest */;
			productType = "com.apple.product-type.bundle.unit-test";
		};
		AA83CD562C02547C00F4B096 /* UniversityGradesTrackerUITests */ = {
			isa = PBXNativeTarget;
			buildConfigurationList = AA83CD672C02547C00F4B096 /* Build configuration list for PBXNativeTarget "UniversityGradesTrackerUITests" */;
			buildPhases = (
				AA83CD532C02547C00F4B096 /* Sources */,
				AA83CD542C02547C00F4B096 /* Frameworks */,
				AA83CD552C02547C00F4B096 /* Resources */,
			);
			buildRules = (
			);
			dependencies = (
				AA83CD592C02547C00F4B096 /* PBXTargetDependency */,
			);
			name = UniversityGradesTrackerUITests;
			productName = UniversityGradesTrackerUITests;
			productReference = AA83CD572C02547C00F4B096 /* UniversityGradesTrackerUITests.xctest */;
			productType = "com.apple.product-type.bundle.ui-testing";
		};
/* End PBXNativeTarget section */

/* Begin PBXProject section */
		AA83CD342C02547B00F4B096 /* Project object */ = {
			isa = PBXProject;
			attributes = {
				BuildIndependentTargetsInParallel = 1;
				LastSwiftUpdateCheck = 1540;
				LastUpgradeCheck = 1540;
				TargetAttributes = {
					AA83CD3B2C02547B00F4B096 = {
						CreatedOnToolsVersion = 15.4;
					};
					AA83CD4C2C02547C00F4B096 = {
						CreatedOnToolsVersion = 15.4;
						TestTargetID = AA83CD3B2C02547B00F4B096;
					};
					AA83CD562C02547C00F4B096 = {
						CreatedOnToolsVersion = 15.4;
						TestTargetID = AA83CD3B2C02547B00F4B096;
					};
				};
			};
			buildConfigurationList = AA83CD372C02547B00F4B096 /* Build configuration list for PBXProject "UniversityGradesTracker" */;
			compatibilityVersion = "Xcode 14.0";
			developmentRegion = en;
			hasScannedForEncodings = 0;
			knownRegions = (
				en,
				Base,
			);
			mainGroup = AA83CD332C02547B00F4B096;
			productRefGroup = AA83CD3D2C02547B00F4B096 /* Products */;
			projectDirPath = "";
			projectRoot = "";
			targets = (
				AA83CD3B2C02547B00F4B096 /* UniversityGradesTracker */,
				AA83CD4C2C02547C00F4B096 /* UniversityGradesTrackerTests */,
				AA83CD562C02547C00F4B096 /* UniversityGradesTrackerUITests */,
			);
		};
/* End PBXProject section */

/* Begin PBXResourcesBuildPhase section */
		AA83CD3A2C02547B00F4B096 /* Resources */ = {
			isa = PBXResourcesBuildPhase;
			buildActionMask = 2147483647;
			files = (
				AA83CD482C02547C00F4B096 /* Preview Assets.xcassets in Resources */,
				AA83CD442C02547C00F4B096 /* Assets.xcassets in Resources */,
			);
			runOnlyForDeploymentPostprocessing = 0;
		};
		AA83CD4B2C02547C00F4B096 /* Resources */ = {
			isa = PBXResourcesBuildPhase;
			buildActionMask = 2147483647;
			files = (
			);
			runOnlyForDeploymentPostprocessing = 0;
		};
		AA83CD552C02547C00F4B096 /* Resources */ = {
			isa = PBXResourcesBuildPhase;
			buildActionMask = 2147483647;
			files = (
			);
			runOnlyForDeploymentPostprocessing = 0;
		};
/* End PBXResourcesBuildPhase section */

/* Begin PBXSourcesBuildPhase section */
		AA83CD382C02547B00F4B096 /* Sources */ = {
			isa = PBXSourcesBuildPhase;
			buildActionMask = 2147483647;
			files = (
				AA83CD422C02547B00F4B096 /* ContentView.swift in Sources */,
				AA83CD6B2C0255D300F4B096 /* GradeModel.swift in Sources */,
				AA83CD712C025D2F00F4B096 /* GradesView.swift in Sources */,
				AA83CD772C026F4800F4B096 /* SettingView.swift in Sources */,
				AA83CD732C02620D00F4B096 /* Utils.swift in Sources */,
				AA83CD752C026B9000F4B096 /* AddGradeView.swift in Sources */,
				AA83CD6F2C025BF900F4B096 /* GradeDetailView.swift in Sources */,
				AA83CD402C02547B00F4B096 /* UniversityGradesTrackerApp.swift in Sources */,
				AA83CD6D2C025B6400F4B096 /* ChartView.swift in Sources */,
			);
			runOnlyForDeploymentPostprocessing = 0;
		};
		AA83CD492C02547C00F4B096 /* Sources */ = {
			isa = PBXSourcesBuildPhase;
			buildActionMask = 2147483647;
			files = (
				AA83CD522C02547C00F4B096 /* UniversityGradesTrackerTests.swift in Sources */,
			);
			runOnlyForDeploymentPostprocessing = 0;
		};
		AA83CD532C02547C00F4B096 /* Sources */ = {
			isa = PBXSourcesBuildPhase;
			buildActionMask = 2147483647;
			files = (
				AA83CD5C2C02547C00F4B096 /* UniversityGradesTrackerUITests.swift in Sources */,
				AA83CD5E2C02547C00F4B096 /* UniversityGradesTrackerUITestsLaunchTests.swift in Sources */,
			);
			runOnlyForDeploymentPostprocessing = 0;
		};
/* End PBXSourcesBuildPhase section */

/* Begin PBXTargetDependency section */
		AA83CD4F2C02547C00F4B096 /* PBXTargetDependency */ = {
			isa = PBXTargetDependency;
			target = AA83CD3B2C02547B00F4B096 /* UniversityGradesTracker */;
			targetProxy = AA83CD4E2C02547C00F4B096 /* PBXContainerItemProxy */;
		};
		AA83CD592C02547C00F4B096 /* PBXTargetDependency */ = {
			isa = PBXTargetDependency;
			target = AA83CD3B2C02547B00F4B096 /* UniversityGradesTracker */;
			targetProxy = AA83CD582C02547C00F4B096 /* PBXContainerItemProxy */;
		};
/* End PBXTargetDependency section */

/* Begin XCBuildConfiguration section */
		AA83CD5F2C02547C00F4B096 /* Debug */ = {
			isa = XCBuildConfiguration;
			buildSettings = {
				ALWAYS_SEARCH_USER_PATHS = NO;
				ASSETCATALOG_COMPILER_GENERATE_SWIFT_ASSET_SYMBOL_EXTENSIONS = YES;
				CLANG_ANALYZER_NONNULL = YES;
				CLANG_ANALYZER_NUMBER_OBJECT_CONVERSION = YES_AGGRESSIVE;
				CLANG_CXX_LANGUAGE_STANDARD = "gnu++20";
				CLANG_ENABLE_MODULES = YES;
				CLANG_ENABLE_OBJC_ARC = YES;
				CLANG_ENABLE_OBJC_WEAK = YES;
				CLANG_WARN_BLOCK_CAPTURE_AUTORELEASING = YES;
				CLANG_WARN_BOOL_CONVERSION = YES;
				CLANG_WARN_COMMA = YES;
				CLANG_WARN_CONSTANT_CONVERSION = YES;
				CLANG_WARN_DEPRECATED_OBJC_IMPLEMENTATIONS = YES;
				CLANG_WARN_DIRECT_OBJC_ISA_USAGE = YES_ERROR;
				CLANG_WARN_DOCUMENTATION_COMMENTS = YES;
				CLANG_WARN_EMPTY_BODY = YES;
				CLANG_WARN_ENUM_CONVERSION = YES;
				CLANG_WARN_INFINITE_RECURSION = YES;
				CLANG_WARN_INT_CONVERSION = YES;
				CLANG_WARN_NON_LITERAL_NULL_CONVERSION = YES;
				CLANG_WARN_OBJC_IMPLICIT_RETAIN_SELF = YES;
				CLANG_WARN_OBJC_LITERAL_CONVERSION = YES;
				CLANG_WARN_OBJC_ROOT_CLASS = YES_ERROR;
				CLANG_WARN_QUOTED_INCLUDE_IN_FRAMEWORK_HEADER = YES;
				CLANG_WARN_RANGE_LOOP_ANALYSIS = YES;
				CLANG_WARN_STRICT_PROTOTYPES = YES;
				CLANG_WARN_SUSPICIOUS_MOVE = YES;
				CLANG_WARN_UNGUARDED_AVAILABILITY = YES_AGGRESSIVE;
				CLANG_WARN_UNREACHABLE_CODE = YES;
				CLANG_WARN__DUPLICATE_METHOD_MATCH = YES;
				COPY_PHASE_STRIP = NO;
				DEBUG_INFORMATION_FORMAT = dwarf;
				ENABLE_STRICT_OBJC_MSGSEND = YES;
				ENABLE_TESTABILITY = YES;
				ENABLE_USER_SCRIPT_SANDBOXING = YES;
				GCC_C_LANGUAGE_STANDARD = gnu17;
				GCC_DYNAMIC_NO_PIC = NO;
				GCC_NO_COMMON_BLOCKS = YES;
				GCC_OPTIMIZATION_LEVEL = 0;
				GCC_PREPROCESSOR_DEFINITIONS = (
					"DEBUG=1",
					"$(inherited)",
				);
				GCC_WARN_64_TO_32_BIT_CONVERSION = YES;
				GCC_WARN_ABOUT_RETURN_TYPE = YES_ERROR;
				GCC_WARN_UNDECLARED_SELECTOR = YES;
				GCC_WARN_UNINITIALIZED_AUTOS = YES_AGGRESSIVE;
				GCC_WARN_UNUSED_FUNCTION = YES;
				GCC_WARN_UNUSED_VARIABLE = YES;
				LOCALIZATION_PREFERS_STRING_CATALOGS = YES;
				MTL_ENABLE_DEBUG_INFO = INCLUDE_SOURCE;
				MTL_FAST_MATH = YES;
				ONLY_ACTIVE_ARCH = YES;
				SWIFT_ACTIVE_COMPILATION_CONDITIONS = "DEBUG $(inherited)";
				SWIFT_OPTIMIZATION_LEVEL = "-Onone";
			};
			name = Debug;
		};
		AA83CD602C02547C00F4B096 /* Release */ = {
			isa = XCBuildConfiguration;
			buildSettings = {
				ALWAYS_SEARCH_USER_PATHS = NO;
				ASSETCATALOG_COMPILER_GENERATE_SWIFT_ASSET_SYMBOL_EXTENSIONS = YES;
				CLANG_ANALYZER_NONNULL = YES;
				CLANG_ANALYZER_NUMBER_OBJECT_CONVERSION = YES_AGGRESSIVE;
				CLANG_CXX_LANGUAGE_STANDARD = "gnu++20";
				CLANG_ENABLE_MODULES = YES;
				CLANG_ENABLE_OBJC_ARC = YES;
				CLANG_ENABLE_OBJC_WEAK = YES;
				CLANG_WARN_BLOCK_CAPTURE_AUTORELEASING = YES;
				CLANG_WARN_BOOL_CONVERSION = YES;
				CLANG_WARN_COMMA = YES;
				CLANG_WARN_CONSTANT_CONVERSION = YES;
				CLANG_WARN_DEPRECATED_OBJC_IMPLEMENTATIONS = YES;
				CLANG_WARN_DIRECT_OBJC_ISA_USAGE = YES_ERROR;
				CLANG_WARN_DOCUMENTATION_COMMENTS = YES;
				CLANG_WARN_EMPTY_BODY = YES;
				CLANG_WARN_ENUM_CONVERSION = YES;
				CLANG_WARN_INFINITE_RECURSION = YES;
				CLANG_WARN_INT_CONVERSION = YES;
				CLANG_WARN_NON_LITERAL_NULL_CONVERSION = YES;
				CLANG_WARN_OBJC_IMPLICIT_RETAIN_SELF = YES;
				CLANG_WARN_OBJC_LITERAL_CONVERSION = YES;
				CLANG_WARN_OBJC_ROOT_CLASS = YES_ERROR;
				CLANG_WARN_QUOTED_INCLUDE_IN_FRAMEWORK_HEADER = YES;
				CLANG_WARN_RANGE_LOOP_ANALYSIS = YES;
				CLANG_WARN_STRICT_PROTOTYPES = YES;
				CLANG_WARN_SUSPICIOUS_MOVE = YES;
				CLANG_WARN_UNGUARDED_AVAILABILITY = YES_AGGRESSIVE;
				CLANG_WARN_UNREACHABLE_CODE = YES;
				CLANG_WARN__DUPLICATE_METHOD_MATCH = YES;
				COPY_PHASE_STRIP = NO;
				DEBUG_INFORMATION_FORMAT = "dwarf-with-dsym";
				ENABLE_NS_ASSERTIONS = NO;
				ENABLE_STRICT_OBJC_MSGSEND = YES;
				ENABLE_USER_SCRIPT_SANDBOXING = YES;
				GCC_C_LANGUAGE_STANDARD = gnu17;
				GCC_NO_COMMON_BLOCKS = YES;
				GCC_WARN_64_TO_32_BIT_CONVERSION = YES;
				GCC_WARN_ABOUT_RETURN_TYPE = YES_ERROR;
				GCC_WARN_UNDECLARED_SELECTOR = YES;
				GCC_WARN_UNINITIALIZED_AUTOS = YES_AGGRESSIVE;
				GCC_WARN_UNUSED_FUNCTION = YES;
				GCC_WARN_UNUSED_VARIABLE = YES;
				LOCALIZATION_PREFERS_STRING_CATALOGS = YES;
				MTL_ENABLE_DEBUG_INFO = NO;
				MTL_FAST_MATH = YES;
				SWIFT_COMPILATION_MODE = wholemodule;
			};
			name = Release;
		};
		AA83CD622C02547C00F4B096 /* Debug */ = {
			isa = XCBuildConfiguration;
			buildSettings = {
				ASSETCATALOG_COMPILER_APPICON_NAME = AppIcon;
				ASSETCATALOG_COMPILER_GLOBAL_ACCENT_COLOR_NAME = AccentColor;
				CODE_SIGN_ENTITLEMENTS = UniversityGradesTracker/UniversityGradesTracker.entitlements;
				CODE_SIGN_STYLE = Automatic;
				CURRENT_PROJECT_VERSION = 1;
				DEVELOPMENT_ASSET_PATHS = "\"UniversityGradesTracker/Preview Content\"";
				DEVELOPMENT_TEAM = 74584D6P85;
				ENABLE_HARDENED_RUNTIME = YES;
				ENABLE_PREVIEWS = YES;
				GENERATE_INFOPLIST_FILE = YES;
				"INFOPLIST_KEY_UIApplicationSceneManifest_Generation[sdk=iphoneos*]" = YES;
				"INFOPLIST_KEY_UIApplicationSceneManifest_Generation[sdk=iphonesimulator*]" = YES;
				"INFOPLIST_KEY_UIApplicationSupportsIndirectInputEvents[sdk=iphoneos*]" = YES;
				"INFOPLIST_KEY_UIApplicationSupportsIndirectInputEvents[sdk=iphonesimulator*]" = YES;
				"INFOPLIST_KEY_UILaunchScreen_Generation[sdk=iphoneos*]" = YES;
				"INFOPLIST_KEY_UILaunchScreen_Generation[sdk=iphonesimulator*]" = YES;
				"INFOPLIST_KEY_UIStatusBarStyle[sdk=iphoneos*]" = UIStatusBarStyleDefault;
				"INFOPLIST_KEY_UIStatusBarStyle[sdk=iphonesimulator*]" = UIStatusBarStyleDefault;
				INFOPLIST_KEY_UISupportedInterfaceOrientations_iPad = "UIInterfaceOrientationPortrait UIInterfaceOrientationPortraitUpsideDown UIInterfaceOrientationLandscapeLeft UIInterfaceOrientationLandscapeRight";
				INFOPLIST_KEY_UISupportedInterfaceOrientations_iPhone = "UIInterfaceOrientationPortrait UIInterfaceOrientationLandscapeLeft UIInterfaceOrientationLandscapeRight";
				IPHONEOS_DEPLOYMENT_TARGET = 17.5;
				LD_RUNPATH_SEARCH_PATHS = "@executable_path/Frameworks";
				"LD_RUNPATH_SEARCH_PATHS[sdk=macosx*]" = "@executable_path/../Frameworks";
				MACOSX_DEPLOYMENT_TARGET = 14.5;
				MARKETING_VERSION = 1.0;
				PRODUCT_BUNDLE_IDENTIFIER = com.andreac.UniversityGradesTracker.UniversityGradesTracker;
				PRODUCT_NAME = "$(TARGET_NAME)";
				SDKROOT = auto;
				SUPPORTED_PLATFORMS = "iphoneos iphonesimulator macosx";
				SWIFT_EMIT_LOC_STRINGS = YES;
				SWIFT_VERSION = 5.0;
				TARGETED_DEVICE_FAMILY = "1,2";
			};
			name = Debug;
		};
		AA83CD632C02547C00F4B096 /* Release */ = {
			isa = XCBuildConfiguration;
			buildSettings = {
				ASSETCATALOG_COMPILER_APPICON_NAME = AppIcon;
				ASSETCATALOG_COMPILER_GLOBAL_ACCENT_COLOR_NAME = AccentColor;
				CODE_SIGN_ENTITLEMENTS = UniversityGradesTracker/UniversityGradesTracker.entitlements;
				CODE_SIGN_STYLE = Automatic;
				CURRENT_PROJECT_VERSION = 1;
				DEVELOPMENT_ASSET_PATHS = "\"UniversityGradesTracker/Preview Content\"";
				DEVELOPMENT_TEAM = 74584D6P85;
				ENABLE_HARDENED_RUNTIME = YES;
				ENABLE_PREVIEWS = YES;
				GENERATE_INFOPLIST_FILE = YES;
				"INFOPLIST_KEY_UIApplicationSceneManifest_Generation[sdk=iphoneos*]" = YES;
				"INFOPLIST_KEY_UIApplicationSceneManifest_Generation[sdk=iphonesimulator*]" = YES;
				"INFOPLIST_KEY_UIApplicationSupportsIndirectInputEvents[sdk=iphoneos*]" = YES;
				"INFOPLIST_KEY_UIApplicationSupportsIndirectInputEvents[sdk=iphonesimulator*]" = YES;
				"INFOPLIST_KEY_UILaunchScreen_Generation[sdk=iphoneos*]" = YES;
				"INFOPLIST_KEY_UILaunchScreen_Generation[sdk=iphonesimulator*]" = YES;
				"INFOPLIST_KEY_UIStatusBarStyle[sdk=iphoneos*]" = UIStatusBarStyleDefault;
				"INFOPLIST_KEY_UIStatusBarStyle[sdk=iphonesimulator*]" = UIStatusBarStyleDefault;
				INFOPLIST_KEY_UISupportedInterfaceOrientations_iPad = "UIInterfaceOrientationPortrait UIInterfaceOrientationPortraitUpsideDown UIInterfaceOrientationLandscapeLeft UIInterfaceOrientationLandscapeRight";
				INFOPLIST_KEY_UISupportedInterfaceOrientations_iPhone = "UIInterfaceOrientationPortrait UIInterfaceOrientationLandscapeLeft UIInterfaceOrientationLandscapeRight";
				IPHONEOS_DEPLOYMENT_TARGET = 17.5;
				LD_RUNPATH_SEARCH_PATHS = "@executable_path/Frameworks";
				"LD_RUNPATH_SEARCH_PATHS[sdk=macosx*]" = "@executable_path/../Frameworks";
				MACOSX_DEPLOYMENT_TARGET = 14.5;
				MARKETING_VERSION = 1.0;
				PRODUCT_BUNDLE_IDENTIFIER = com.andreac.UniversityGradesTracker.UniversityGradesTracker;
				PRODUCT_NAME = "$(TARGET_NAME)";
				SDKROOT = auto;
				SUPPORTED_PLATFORMS = "iphoneos iphonesimulator macosx";
				SWIFT_EMIT_LOC_STRINGS = YES;
				SWIFT_VERSION = 5.0;
				TARGETED_DEVICE_FAMILY = "1,2";
			};
			name = Release;
		};
		AA83CD652C02547C00F4B096 /* Debug */ = {
			isa = XCBuildConfiguration;
			buildSettings = {
				ALWAYS_EMBED_SWIFT_STANDARD_LIBRARIES = YES;
				BUNDLE_LOADER = "$(TEST_HOST)";
				CODE_SIGN_STYLE = Automatic;
				CURRENT_PROJECT_VERSION = 1;
				DEVELOPMENT_TEAM = 74584D6P85;
				GENERATE_INFOPLIST_FILE = YES;
				IPHONEOS_DEPLOYMENT_TARGET = 17.5;
				MACOSX_DEPLOYMENT_TARGET = 14.5;
				MARKETING_VERSION = 1.0;
				PRODUCT_BUNDLE_IDENTIFIER = com.andreac.UniversityGradesTracker.UniversityGradesTrackerTests;
				PRODUCT_NAME = "$(TARGET_NAME)";
				SDKROOT = auto;
				SUPPORTED_PLATFORMS = "iphoneos iphonesimulator macosx";
				SWIFT_EMIT_LOC_STRINGS = NO;
				SWIFT_VERSION = 5.0;
				TARGETED_DEVICE_FAMILY = "1,2";
				TEST_HOST = "$(BUILT_PRODUCTS_DIR)/UniversityGradesTracker.app/$(BUNDLE_EXECUTABLE_FOLDER_PATH)/UniversityGradesTracker";
			};
			name = Debug;
		};
		AA83CD662C02547C00F4B096 /* Release */ = {
			isa = XCBuildConfiguration;
			buildSettings = {
				ALWAYS_EMBED_SWIFT_STANDARD_LIBRARIES = YES;
				BUNDLE_LOADER = "$(TEST_HOST)";
				CODE_SIGN_STYLE = Automatic;
				CURRENT_PROJECT_VERSION = 1;
				DEVELOPMENT_TEAM = 74584D6P85;
				GENERATE_INFOPLIST_FILE = YES;
				IPHONEOS_DEPLOYMENT_TARGET = 17.5;
				MACOSX_DEPLOYMENT_TARGET = 14.5;
				MARKETING_VERSION = 1.0;
				PRODUCT_BUNDLE_IDENTIFIER = com.andreac.UniversityGradesTracker.UniversityGradesTrackerTests;
				PRODUCT_NAME = "$(TARGET_NAME)";
				SDKROOT = auto;
				SUPPORTED_PLATFORMS = "iphoneos iphonesimulator macosx";
				SWIFT_EMIT_LOC_STRINGS = NO;
				SWIFT_VERSION = 5.0;
				TARGETED_DEVICE_FAMILY = "1,2";
				TEST_HOST = "$(BUILT_PRODUCTS_DIR)/UniversityGradesTracker.app/$(BUNDLE_EXECUTABLE_FOLDER_PATH)/UniversityGradesTracker";
			};
			name = Release;
		};
		AA83CD682C02547C00F4B096 /* Debug */ = {
			isa = XCBuildConfiguration;
			buildSettings = {
				ALWAYS_EMBED_SWIFT_STANDARD_LIBRARIES = YES;
				CODE_SIGN_STYLE = Automatic;
				CURRENT_PROJECT_VERSION = 1;
				DEVELOPMENT_TEAM = 74584D6P85;
				GENERATE_INFOPLIST_FILE = YES;
				IPHONEOS_DEPLOYMENT_TARGET = 17.5;
				MACOSX_DEPLOYMENT_TARGET = 14.5;
				MARKETING_VERSION = 1.0;
				PRODUCT_BUNDLE_IDENTIFIER = com.andreac.UniversityGradesTracker.UniversityGradesTrackerUITests;
				PRODUCT_NAME = "$(TARGET_NAME)";
				SDKROOT = auto;
				SUPPORTED_PLATFORMS = "iphoneos iphonesimulator macosx";
				SWIFT_EMIT_LOC_STRINGS = NO;
				SWIFT_VERSION = 5.0;
				TARGETED_DEVICE_FAMILY = "1,2";
				TEST_TARGET_NAME = UniversityGradesTracker;
			};
			name = Debug;
		};
		AA83CD692C02547C00F4B096 /* Release */ = {
			isa = XCBuildConfiguration;
			buildSettings = {
				ALWAYS_EMBED_SWIFT_STANDARD_LIBRARIES = YES;
				CODE_SIGN_STYLE = Automatic;
				CURRENT_PROJECT_VERSION = 1;
				DEVELOPMENT_TEAM = 74584D6P85;
				GENERATE_INFOPLIST_FILE = YES;
				IPHONEOS_DEPLOYMENT_TARGET = 17.5;
				MACOSX_DEPLOYMENT_TARGET = 14.5;
				MARKETING_VERSION = 1.0;
				PRODUCT_BUNDLE_IDENTIFIER = com.andreac.UniversityGradesTracker.UniversityGradesTrackerUITests;
				PRODUCT_NAME = "$(TARGET_NAME)";
				SDKROOT = auto;
				SUPPORTED_PLATFORMS = "iphoneos iphonesimulator macosx";
				SWIFT_EMIT_LOC_STRINGS = NO;
				SWIFT_VERSION = 5.0;
				TARGETED_DEVICE_FAMILY = "1,2";
				TEST_TARGET_NAME = UniversityGradesTracker;
			};
			name = Release;
		};
/* End XCBuildConfiguration section */

/* Begin XCConfigurationList section */
		AA83CD372C02547B00F4B096 /* Build configuration list for PBXProject "UniversityGradesTracker" */ = {
			isa = XCConfigurationList;
			buildConfigurations = (
				AA83CD5F2C02547C00F4B096 /* Debug */,
				AA83CD602C02547C00F4B096 /* Release */,
			);
			defaultConfigurationIsVisible = 0;
			defaultConfigurationName = Release;
		};
		AA83CD612C02547C00F4B096 /* Build configuration list for PBXNativeTarget "UniversityGradesTracker" */ = {
			isa = XCConfigurationList;
			buildConfigurations = (
				AA83CD622C02547C00F4B096 /* Debug */,
				AA83CD632C02547C00F4B096 /* Release */,
			);
			defaultConfigurationIsVisible = 0;
			defaultConfigurationName = Release;
		};
		AA83CD642C02547C00F4B096 /* Build configuration list for PBXNativeTarget "UniversityGradesTrackerTests" */ = {
			isa = XCConfigurationList;
			buildConfigurations = (
				AA83CD652C02547C00F4B096 /* Debug */,
				AA83CD662C02547C00F4B096 /* Release */,
			);
			defaultConfigurationIsVisible = 0;
			defaultConfigurationName = Release;
		};
		AA83CD672C02547C00F4B096 /* Build configuration list for PBXNativeTarget "UniversityGradesTrackerUITests" */ = {
			isa = XCConfigurationList;
			buildConfigurations = (
				AA83CD682C02547C00F4B096 /* Debug */,
				AA83CD692C02547C00F4B096 /* Release */,
			);
			defaultConfigurationIsVisible = 0;
			defaultConfigurationName = Release;
		};
/* End XCConfigurationList section */
	};
	rootObject = AA83CD342C02547B00F4B096 /* Project object */;
}
